# This file is generated by running "yarn install" inside your project.
# Manual changes might be lost - proceed with caution!

__metadata:
  version: 7
  cacheKey: 9

"@cspotcode/source-map-support@npm:^0.8.0":
  version: 0.8.1
  resolution: "@cspotcode/source-map-support@npm:0.8.1"
  dependencies:
    "@jridgewell/trace-mapping": "npm:0.3.9"
  checksum: 4327d8e6e4347897f5baf265c43ff094260a3ad7b53920fa07472aa18699ba7d570e5171082e88d19e4b5cce6f35cc1666b1c8ccb8b74d67e4f482395b8c511d
  languageName: node
  linkType: hard

"@jridgewell/resolve-uri@npm:^3.0.3":
  version: 3.1.1
  resolution: "@jridgewell/resolve-uri@npm:3.1.1"
  checksum: b3229d85678a8546e48580decab7666678ab7e1c470576e72bd07910b862642f700c802ff99c0166982fc7f6ad3571c0ce59901be38297b595c0c813cf79e9ce
  languageName: node
  linkType: hard

"@jridgewell/sourcemap-codec@npm:^1.4.10":
  version: 1.4.15
  resolution: "@jridgewell/sourcemap-codec@npm:1.4.15"
  checksum: b71b5eeb0af50fb1dbdf18e88aa5cf755baa30723f0d5fd2ac069f861d0c73b12b968321314e4db86d5a4d5d89a292211f68ba94767c620fee35247a94c05890
  languageName: node
  linkType: hard

"@jridgewell/trace-mapping@npm:0.3.9":
  version: 0.3.9
  resolution: "@jridgewell/trace-mapping@npm:0.3.9"
  dependencies:
    "@jridgewell/resolve-uri": "npm:^3.0.3"
    "@jridgewell/sourcemap-codec": "npm:^1.4.10"
  checksum: 542c5f0f0ae874121e9de649581f9619cc0c65e33292e1285f1233f5ff3e41e6f4f216d69a4c3f800b4d6db208ff6c710307e19e1ff170ed5304807e346e6cf9
  languageName: node
  linkType: hard

"@prisma/engines@npm:4.16.2":
  version: 4.16.2
  resolution: "@prisma/engines@npm:4.16.2"
  checksum: a4d0fd30097ca95cff2d5b7a705454901e71cf2125ae46b24fb0698f6284b14f46d3d423d273cb6a5d45440202f25ae02600e188832d4acf5df199b6a7901a4a
  languageName: node
  linkType: hard

"@tsconfig/node10@npm:^1.0.7":
  version: 1.0.9
  resolution: "@tsconfig/node10@npm:1.0.9"
  checksum: 6ec0cadbcd7942f64b5d00c4b19ff783410a5f1511c1feefa8e99b5df1e57776c4f2ce058870c9d982a4ca460051dbd2a5e57d11989aab40f6c68e98c92b6d14
  languageName: node
  linkType: hard

"@tsconfig/node12@npm:^1.0.7":
  version: 1.0.11
  resolution: "@tsconfig/node12@npm:1.0.11"
  checksum: 2ba331a89b6778df0fb49ab0ba3e809c0a0d5ca3d9f898ba4a0a276043616b6047aec5dd4a5d1ae9a09ff267bcddbbc96d968857e6690583fd474a58c25c2e1c
  languageName: node
  linkType: hard

"@tsconfig/node14@npm:^1.0.0":
  version: 1.0.3
  resolution: "@tsconfig/node14@npm:1.0.3"
  checksum: 8d04150cdfbe5b89be095586bfa35415800b694f9955274df16b1017e1cef9697467185b3f7c64ed588a7e8d48ff6f4cc3125c8265b5e3d4f757884dcc6facbc
  languageName: node
  linkType: hard

"@tsconfig/node16@npm:^1.0.2":
  version: 1.0.4
  resolution: "@tsconfig/node16@npm:1.0.4"
  checksum: d75e4f7d3edd74305383430d1fc9fd9bdf9af7fb2387853e6c06660a5325da6bce90846b853f5c69ec70b4e34de9ab05d508c9dc11c95a28ebbb000fc52b963b
  languageName: node
  linkType: hard

"@types/node@npm:^20.4.0":
  version: 20.4.0
  resolution: "@types/node@npm:20.4.0"
  checksum: 204d77441c42c2d51fb277efc1440487c5c2dc9e26b30ab0de185860616c90bd4ec7cd25542c8a882092ee77f708b2a7b740d398f048cf5dce3052fe7964aa37
  languageName: node
  linkType: hard

"acorn-walk@npm:^8.1.1":
  version: 8.2.0
  resolution: "acorn-walk@npm:8.2.0"
  checksum: 389d3f19998ac0924a590485a6502b72059e3ab67cc820477c2c40cca06b6c50bb8d424bfbb8fe97955eb489b88cb5dc7ee6979fcf9321dce7eb451ba3456d3d
  languageName: node
  linkType: hard

"acorn@npm:^8.4.1":
  version: 8.10.0
  resolution: "acorn@npm:8.10.0"
  bin:
    acorn: bin/acorn
  checksum: 5de0f8f7507bdd36c764431cb91c97d99ba15b6f04dbfe4375151aff3caf9566e3c98d340f128a56a5fa930164d7be12c93d8f0f0fe795b9b310888a781c789c
  languageName: node
  linkType: hard

"arg@npm:^4.1.0":
  version: 4.1.3
  resolution: "arg@npm:4.1.3"
  checksum: a60e3881540ab44af1058bf3c9bdbcdd45a82cb930299ae875e609b60b44435410d152b26d55816e8ef2cf1096cfa39271f5b1bd3dd931355f3f24f043dc7ca5
  languageName: node
  linkType: hard

"asynckit@npm:^0.4.0":
  version: 0.4.0
  resolution: "asynckit@npm:0.4.0"
  checksum: e4d1381289f9effe69a4dbc18e8b4e2059113dfb23634d0f4064226042870dbc53175fbf261f982d055fa2952163a8b7608781ea58314a17bb6a2cd6815af4f1
  languageName: node
  linkType: hard

"axios@npm:^1.4.0":
  version: 1.4.0
  resolution: "axios@npm:1.4.0"
  dependencies:
    follow-redirects: "npm:^1.15.0"
    form-data: "npm:^4.0.0"
    proxy-from-env: "npm:^1.1.0"
  checksum: 391f7fdb89b0c09d72b825eccf396b3b501c569e8dab759155c4f84b47bb4004432b99d8686758493a3b1d1673c5efd0e4b948108bb0d3de74ca1a8d30877aa6
  languageName: node
  linkType: hard

"combined-stream@npm:^1.0.8":
  version: 1.0.8
  resolution: "combined-stream@npm:1.0.8"
  dependencies:
    delayed-stream: "npm:~1.0.0"
  checksum: c3224efc798a4f2066ff2f65c28d60b48ec73b38bf76331ecc61814875cc5c8a93beccc268ca08aaa98a141c262de5787d68685b6682b8b67ad2dadb8bd2ddd2
  languageName: node
  linkType: hard

"create-require@npm:^1.1.0":
  version: 1.1.1
  resolution: "create-require@npm:1.1.1"
  checksum: 9db2a6d1a6e69929e4b18045910289a17543f9f07ba4d6027e9c3fdc4c985998cd4b6738a45675ab870287483832332d5aa75a1612c87230149d1fba568ae86a
  languageName: node
  linkType: hard

"cross-spawn@npm:^7.0.3":
  version: 7.0.3
  resolution: "cross-spawn@npm:7.0.3"
  dependencies:
    path-key: "npm:^3.1.0"
    shebang-command: "npm:^2.0.0"
    which: "npm:^2.0.1"
  checksum: 37ec685f91f04d4719892f305fa6f632aae256df7f2f3f98d5c36f2197651ad7b77851aaa2d397d19a9555f0fb89fa18f9bb3ff4b440535cc0fb4fe0a72004b9
  languageName: node
  linkType: hard

"delayed-stream@npm:~1.0.0":
  version: 1.0.0
  resolution: "delayed-stream@npm:1.0.0"
  checksum: 22f11ed342773dbc427e84d5a972e5c67fc34a44bf80eead5a41d8697c9303ae32991e568921cbd82553deeb1b33f3d6ecc148bf0efe3789589c8cb7b0e1a53a
  languageName: node
  linkType: hard

"diff@npm:^4.0.1":
  version: 4.0.2
  resolution: "diff@npm:4.0.2"
  checksum: 1b445113c0727e15646a058b2794df63366bd1e32abf078990b78c2a355fe72e4e3c8de3399f2c5d67f06cd461acdebd91b5f71cb2cd02f7300bdb926a3cd6e2
  languageName: node
  linkType: hard

"dotenv-cli@npm:^7.2.1":
  version: 7.2.1
  resolution: "dotenv-cli@npm:7.2.1"
  dependencies:
    cross-spawn: "npm:^7.0.3"
    dotenv: "npm:^16.0.0"
    dotenv-expand: "npm:^10.0.0"
    minimist: "npm:^1.2.6"
  bin:
    dotenv: cli.js
  checksum: 234760c7080f338ef3a99eb0622ec9b3acac8210f7d1cdb766009d02db90ab92c4310fc85d4b2a8e48ef2a332058932cd407b7eabb442b61d352257a5fcc3db9
  languageName: node
  linkType: hard

"dotenv-expand@npm:^10.0.0":
  version: 10.0.0
  resolution: "dotenv-expand@npm:10.0.0"
  checksum: bbe61cc154763b3fc2ef5ec6422b357c8fea706932e4be585c6a8f3af2a1508f87f2badc4beb24af2913520580e754763c58769ddf667312476eb16a7c1bed34
  languageName: node
  linkType: hard

"dotenv@npm:^16.0.0":
  version: 16.3.1
  resolution: "dotenv@npm:16.3.1"
  checksum: 10accb903da092a279d5a952c54290c0980c1c3ab0767b0dbc3013526593ebc98944e26352c9bef1d0fe93589a7c78e4810daae1bd53c7432c69997b17de0b3d
  languageName: node
  linkType: hard

"follow-redirects@npm:^1.15.0":
  version: 1.15.2
  resolution: "follow-redirects@npm:1.15.2"
  peerDependenciesMeta:
    debug:
      optional: true
  checksum: 930171f8b81bf00e9368df4b17f3b835934762d51192632af53a51a8a608d5510a1ffbc6da5761dce9996cdbd750740490ca844320e5ff11cdaf2329a5a69647
  languageName: node
  linkType: hard

"form-data@npm:^4.0.0":
  version: 4.0.0
  resolution: "form-data@npm:4.0.0"
  dependencies:
    asynckit: "npm:^0.4.0"
    combined-stream: "npm:^1.0.8"
    mime-types: "npm:^2.1.12"
  checksum: de37c5684d843842d2cc2bc44a975d9fecdf1df30d061c90b62fc0caeeeeb45794bceaba7aa52ee5eae8ede01ba44215b26c58f41cf64271c513787b7241fce4
  languageName: node
  linkType: hard

"isexe@npm:^2.0.0":
  version: 2.0.0
  resolution: "isexe@npm:2.0.0"
  checksum: b37fe0a7983c0c151c7b31ca716405aaea190ac9cd6ef3f79355f4afb043ed4d3182a6addd73b20df7a0b229269737ad0daf64116821a048bfbe6b8fb7eb842c
  languageName: node
  linkType: hard

"kaspi-parser@workspace:.":
  version: 0.0.0-use.local
  resolution: "kaspi-parser@workspace:."
  dependencies:
    "@types/node": "npm:^20.4.0"
    axios: "npm:^1.4.0"
    dotenv-cli: "npm:^7.2.1"
    prettier: "npm:^3.0.0"
    prisma: "npm:^4.16.2"
    ts-node: "npm:^10.9.1"
    typescript: "npm:^5.1.6"
  dependenciesMeta:
    ts-node@10.9.1:
      unplugged: true
  languageName: unknown
  linkType: soft

"make-error@npm:^1.1.1":
  version: 1.3.6
  resolution: "make-error@npm:1.3.6"
  checksum: 4b81ce1392495d554ce5fd28c8de95066642e5e1a5efd395e3b3413bc75068a025d8a567aefb0738ba6da18e73323ffde17794780f632fe4395e009aa9ebcc8a
  languageName: node
  linkType: hard

"mime-db@npm:1.52.0":
  version: 1.52.0
  resolution: "mime-db@npm:1.52.0"
  checksum: 95baf687a3f14ff2cc433e30dea5c4931c7f4b67059d44a0098cfb833858cad63ec13c20f98762bddd088c4e9dac6d95862db1ea9d3fe3fa68f57b69a325000d
  languageName: node
  linkType: hard

"mime-types@npm:^2.1.12":
  version: 2.1.35
  resolution: "mime-types@npm:2.1.35"
  dependencies:
    mime-db: "npm:1.52.0"
  checksum: 51e3b38d1b1b83da082f7c29042bcb22036101346394696b7643ef5da27ebf6bf71643bd45225ee75e4ea2836213780efc8c3dcd2055c84b49eb0afc061419d0
  languageName: node
  linkType: hard

"minimist@npm:^1.2.6":
  version: 1.2.8
  resolution: "minimist@npm:1.2.8"
  checksum: 8598f846f2b7546b22b01ce486df27da216a302367afe17f2a032da12fcb8d33bfbf2c523051230864abf0b806748bd60d4cd0863fae35fe104da1ff6194a185
  languageName: node
  linkType: hard

"path-key@npm:^3.1.0":
  version: 3.1.1
  resolution: "path-key@npm:3.1.1"
  checksum: 93ee8a32e3be43548ece14eba2620bf5164884d0cc1aa3615d136567a39e02066c9b5aeb5b6747d766af55936151c95d9371ba46d4fcf361db9691505650c001
  languageName: node
  linkType: hard

"prettier@npm:^3.0.0":
  version: 3.0.0
  resolution: "prettier@npm:3.0.0"
  bin:
    prettier: bin/prettier.cjs
  checksum: 924c5101c4f333df35244416770fde5236246be31e9a309d0f557c53afc50cb8a38eea791a93ae2a3bc71688358e3f53f989a9dab89664302aced036a90900ac
  languageName: node
  linkType: hard

"prisma@npm:^4.16.2":
  version: 4.16.2
  resolution: "prisma@npm:4.16.2"
  dependencies:
    "@prisma/engines": "npm:4.16.2"
  bin:
    prisma: build/index.js
    prisma2: build/index.js
  checksum: 22dd33595edc7f512344da72bf4c9ebd676d7ef93b09872cadd889b1dfe6d9d29394e275c2237f9d20afe3e035044e50b32676639db7e4019d1300dcdf0d82c5
  languageName: node
  linkType: hard

"proxy-from-env@npm:^1.1.0":
  version: 1.1.0
  resolution: "proxy-from-env@npm:1.1.0"
  checksum: 0bba2ef7c8374b384e94e4477764e53df66fcdfa7d19e2c4a063cb39eea979c139ce13981970223665422e72b7d149609a927046e2e40ab340b84d91af082591
  languageName: node
  linkType: hard

"shebang-command@npm:^2.0.0":
  version: 2.0.0
  resolution: "shebang-command@npm:2.0.0"
  dependencies:
    shebang-regex: "npm:^3.0.0"
  checksum: 5907a8d5facbefbd4dc8d21778d2136d5d22d61b5526452d92d46662614f0ed57090e7adf7184fe9d2d5ef75af9f05d7573437e10b37f2e6fdeeeb5f59fd9ada
  languageName: node
  linkType: hard

"shebang-regex@npm:^3.0.0":
  version: 3.0.0
  resolution: "shebang-regex@npm:3.0.0"
  checksum: 6be1588a86ed74d05481d09a6ef6a8db44550fda9785ae08c3df06717abc2e5e9a11804b1d0ac9b0641870c5ebf545e18c8d348bc105ba09227e6a32415ea1d6
  languageName: node
  linkType: hard

"ts-node@npm:^10.9.1":
  version: 10.9.1
  resolution: "ts-node@npm:10.9.1"
  dependencies:
    "@cspotcode/source-map-support": "npm:^0.8.0"
    "@tsconfig/node10": "npm:^1.0.7"
    "@tsconfig/node12": "npm:^1.0.7"
    "@tsconfig/node14": "npm:^1.0.0"
    "@tsconfig/node16": "npm:^1.0.2"
    acorn: "npm:^8.4.1"
    acorn-walk: "npm:^8.1.1"
    arg: "npm:^4.1.0"
    create-require: "npm:^1.1.0"
    diff: "npm:^4.0.1"
    make-error: "npm:^1.1.1"
    v8-compile-cache-lib: "npm:^3.0.1"
    yn: "npm:3.1.1"
  peerDependencies:
    "@swc/core": ">=1.2.50"
    "@swc/wasm": ">=1.2.50"
    "@types/node": "*"
    typescript: ">=2.7"
  peerDependenciesMeta:
    "@swc/core":
      optional: true
    "@swc/wasm":
      optional: true
  bin:
    ts-node: dist/bin.js
    ts-node-cwd: dist/bin-cwd.js
    ts-node-esm: dist/bin-esm.js
    ts-node-script: dist/bin-script.js
    ts-node-transpile-only: dist/bin-transpile.js
    ts-script: dist/bin-script-deprecated.js
  checksum: c4caff4b9bb7a3a44adbb64a38786ce4203c2ebceb8b5373b504d0826cf047f9f23105767a3e130e2f4078629f592a8332cfd8ee1061b57b7d159de49c7d8f6f
  languageName: node
  linkType: hard

"typescript@npm:^5.1.6":
  version: 5.1.6
  resolution: "typescript@npm:5.1.6"
  bin:
    tsc: bin/tsc
    tsserver: bin/tsserver
  checksum: fffaefc0d48e7f505ac42e314628b3cd41b2a69428e0ecc158db84af36a0565d4cfdd337ea8f7933cccf1556b08170e4389ee07974ff9f55f86d01342b1951ec
  languageName: node
  linkType: hard

"typescript@patch:typescript@npm%3A^5.1.6#optional!builtin<compat/typescript>":
  version: 5.1.6
  resolution: "typescript@patch:typescript@npm%3A5.1.6#optional!builtin<compat/typescript>::version=5.1.6&hash=5da071"
  bin:
    tsc: bin/tsc
    tsserver: bin/tsserver
  checksum: 50b3db6818e04157e1ff3ff77b85423361edcbbedc7c217c7963f51ec951c9b7981275aa10987fcddd93c2c7678424597a20091a6fbc3c23426e2d57304f7677
  languageName: node
  linkType: hard

"v8-compile-cache-lib@npm:^3.0.1":
  version: 3.0.1
  resolution: "v8-compile-cache-lib@npm:3.0.1"
  checksum: 0ebe342e7f20816fd5d323affd77f60ea65810ef60beecafbb06397870b18b3d6cb76412721e23603f603fcf5b1f3b37e2844adf15e9b708dbd6404f01884b23
  languageName: node
  linkType: hard

"which@npm:^2.0.1":
  version: 2.0.2
  resolution: "which@npm:2.0.2"
  dependencies:
    isexe: "npm:^2.0.0"
  bin:
    node-which: ./bin/node-which
  checksum: 3728616c789b289c36ba2572887145e0736f06fe3435b8fef17e27eb5ec0696f61a21e356dd7fa58486346e57186863afa1b6c27c7665f7e674c8124f7f61157
  languageName: node
  linkType: hard

"yn@npm:3.1.1":
  version: 3.1.1
  resolution: "yn@npm:3.1.1"
  checksum: 890a9ce10f1f6691316f521444dcdc2d012dbfba423ec2252444dab5888def4ee48751304e51302c6d14197a1e9407256153a357c955bff1d659df592cfda456
  languageName: node
  linkType: hard
